
Microsoft Visual Studio Solution File, Format Version 12.00
Project("{FAE04EC0-301F-11D3-BF4B-00C04F79EFBC}") = "shared-code", "shared-code\shared-code.csproj", "{12D3409C-7AED-4008-98C8-34C47F4C3E9F}"
EndProject
Project("{FAE04EC0-301F-11D3-BF4B-00C04F79EFBC}") = "basic-wasm-app", "basic-wasm-app\basic-wasm-app.csproj", "{66E1853A-550D-4960-9B7B-8944F42B6600}"
EndProject
Project("{FAE04EC0-301F-11D3-BF4B-00C04F79EFBC}") = "basic-console-app", "basic-console-app\basic-console-app.csproj", "{2DEC586D-5006-4E3F-B5EC-E0D471A56C22}"
EndProject
Global
	GlobalSection(SolutionConfigurationPlatforms) = preSolution
		Debug|Any CPU = Debug|Any CPU
		Release|Any CPU = Release|Any CPU
	EndGlobalSection
	GlobalSection(ProjectConfigurationPlatforms) = postSolution
		{12D3409C-7AED-4008-98C8-34C47F4C3E9F}.Debug|Any CPU.ActiveCfg = Debug|Any CPU
		{12D3409C-7AED-4008-98C8-34C47F4C3E9F}.Debug|Any CPU.Build.0 = Debug|Any CPU
		{12D3409C-7AED-4008-98C8-34C47F4C3E9F}.Release|Any CPU.ActiveCfg = Release|Any CPU
		{12D3409C-7AED-4008-98C8-34C47F4C3E9F}.Release|Any CPU.Build.0 = Release|Any CPU
		{66E1853A-550D-4960-9B7B-8944F42B6600}.Debug|Any CPU.ActiveCfg = Debug|Any CPU
		{66E1853A-550D-4960-9B7B-8944F42B6600}.Debug|Any CPU.Build.0 = Debug|Any CPU
		{66E1853A-550D-4960-9B7B-8944F42B6600}.Release|Any CPU.ActiveCfg = Release|Any CPU
		{66E1853A-550D-4960-9B7B-8944F42B6600}.Release|Any CPU.Build.0 = Release|Any CPU
		{2DEC586D-5006-4E3F-B5EC-E0D471A56C22}.Debug|Any CPU.ActiveCfg = Debug|Any CPU
		{2DEC586D-5006-4E3F-B5EC-E0D471A56C22}.Debug|Any CPU.Build.0 = Debug|Any CPU
		{2DEC586D-5006-4E3F-B5EC-E0D471A56C22}.Release|Any CPU.ActiveCfg = Release|Any CPU
		{2DEC586D-5006-4E3F-B5EC-E0D471A56C22}.Release|Any CPU.Build.0 = Release|Any CPU
	EndGlobalSection
EndGlobal
